
Microsoft Visual Studio Solution File, Format Version 12.00
# Visual Studio Version 17
VisualStudioVersion = 17.9.34607.119
MinimumVisualStudioVersion = 10.0.40219.1
Project("{8BC9CEB8-8B4A-11D0-8D11-00A0C91BC942}") = "CLRHost", "CLRHost\CLRHost.vcxproj", "{C4CF7AE0-30AF-F97B-39C7-8452A52560DD}"
EndProject
Project("{8BC9CEB8-8B4A-11D0-8D11-00A0C91BC942}") = "WinHttpProxy", "WinHttpProxyDll\winhttp Proxy.vcxproj", "{3FF28F45-6628-4023-BBA2-734B67252BE9}"
EndProject
Project("{8BC9CEB8-8B4A-11D0-8D11-00A0C91BC942}") = "VersionProxy", "VersionProxyDll\version Proxy.vcxproj", "{CAEA664A-7890-4268-B687-80F98A3E3EF1}"
EndProject
Global
	GlobalSection(SolutionConfigurationPlatforms) = preSolution
		Debug|x64 = Debug|x64
		Dist|x64 = Dist|x64
		Release|x64 = Release|x64
	EndGlobalSection
	GlobalSection(ProjectConfigurationPlatforms) = postSolution
		{C4CF7AE0-30AF-F97B-39C7-8452A52560DD}.Debug|x64.ActiveCfg = Debug|x64
		{C4CF7AE0-30AF-F97B-39C7-8452A52560DD}.Debug|x64.Build.0 = Debug|x64
		{C4CF7AE0-30AF-F97B-39C7-8452A52560DD}.Dist|x64.ActiveCfg = Dist|x64
		{C4CF7AE0-30AF-F97B-39C7-8452A52560DD}.Dist|x64.Build.0 = Dist|x64
		{C4CF7AE0-30AF-F97B-39C7-8452A52560DD}.Release|x64.ActiveCfg = Release|x64
		{C4CF7AE0-30AF-F97B-39C7-8452A52560DD}.Release|x64.Build.0 = Release|x64
		{3FF28F45-6628-4023-BBA2-734B67252BE9}.Debug|x64.ActiveCfg = Debug|x64
		{3FF28F45-6628-4023-BBA2-734B67252BE9}.Debug|x64.Build.0 = Debug|x64
		{3FF28F45-6628-4023-BBA2-734B67252BE9}.Dist|x64.ActiveCfg = Debug|x64
		{3FF28F45-6628-4023-BBA2-734B67252BE9}.Dist|x64.Build.0 = Debug|x64
		{3FF28F45-6628-4023-BBA2-734B67252BE9}.Release|x64.ActiveCfg = Release|x64
		{3FF28F45-6628-4023-BBA2-734B67252BE9}.Release|x64.Build.0 = Release|x64
		{CAEA664A-7890-4268-B687-80F98A3E3EF1}.Debug|x64.ActiveCfg = Debug|x64
		{CAEA664A-7890-4268-B687-80F98A3E3EF1}.Debug|x64.Build.0 = Debug|x64
		{CAEA664A-7890-4268-B687-80F98A3E3EF1}.Dist|x64.ActiveCfg = Debug|x64
		{CAEA664A-7890-4268-B687-80F98A3E3EF1}.Dist|x64.Build.0 = Debug|x64
		{CAEA664A-7890-4268-B687-80F98A3E3EF1}.Release|x64.ActiveCfg = Release|x64
		{CAEA664A-7890-4268-B687-80F98A3E3EF1}.Release|x64.Build.0 = Release|x64
	EndGlobalSection
	GlobalSection(SolutionProperties) = preSolution
		HideSolutionNode = FALSE
	EndGlobalSection
	GlobalSection(ExtensibilityGlobals) = postSolution
		SolutionGuid = {C2AFF4B4-7E8B-4D33-B08C-F5181BBA0C30}
	EndGlobalSection
EndGlobal
