
Microsoft Visual Studio Solution File, Format Version 12.00
# Visual Studio Version 17
VisualStudioVersion = 17.8.34316.72
MinimumVisualStudioVersion = 10.0.40219.1
Project("{9A19103F-16F7-4668-BE54-9A1E7A4F7556}") = "PalworldManagedModFramework", "PalworldManagedModFramework\PalworldManagedModFramework.csproj", "{410FC8B3-851B-4C80-925D-2A564F4BD0E1}"
EndProject
Project("{9A19103F-16F7-4668-BE54-9A1E7A4F7556}") = "PalworldManagedModFramework.Sdk", "PalworldManagedModFramework.PalWorldSdk\PalworldManagedModFramework.Sdk.csproj", "{CC477B3D-A558-4144-A945-96C868B4DAC9}"
EndProject
Project("{9A19103F-16F7-4668-BE54-9A1E7A4F7556}") = "PalworldModInstaller", "PalworldModInstaller\PalworldModInstaller.csproj", "{20343058-887C-4BD8-A7BB-10D5EF81FB99}"
EndProject
Project("{9A19103F-16F7-4668-BE54-9A1E7A4F7556}") = "ExampleMod", "ExampleMod\ExampleMod.csproj", "{8D683D8C-9F13-40DC-8652-97D4320631D7}"
EndProject
Project("{9A19103F-16F7-4668-BE54-9A1E7A4F7556}") = "ExampleServerMod", "ExampleServerMod\ExampleServerMod.csproj", "{57EB6F27-3AF1-491D-8742-254C193D73CF}"
EndProject
Project("{9A19103F-16F7-4668-BE54-9A1E7A4F7556}") = "PalworldModInstaller.Tests", "PalworldModInstaller.Tests\PalworldModInstaller.Tests.csproj", "{1CC16B09-500B-4917-829D-E942FE9FC3C9}"
EndProject
Project("{9A19103F-16F7-4668-BE54-9A1E7A4F7556}") = "Shared.SystemUnderTest", "Shared.SystemUnderTest\Shared.SystemUnderTest.csproj", "{C919C1CE-7FC0-48F6-8E6F-764F0FBC13A0}"
EndProject
Project("{9A19103F-16F7-4668-BE54-9A1E7A4F7556}") = "PalworldManagedModFramework.Tests", "PalworldManagedModFramework.Tests\PalworldManagedModFramework.Tests.csproj", "{29284618-550B-4A9D-8C28-FCDD278D6DA7}"
EndProject
Project("{9A19103F-16F7-4668-BE54-9A1E7A4F7556}") = "PalworldManagedModFramework.Sdk.Tests", "PalworldManagedModFramework.PalWorldSdk.Tests\PalworldManagedModFramework.Sdk.Tests.csproj", "{A839A387-9A69-4739-BD0D-99671EF4B48F}"
EndProject
Project("{9A19103F-16F7-4668-BE54-9A1E7A4F7556}") = "DotNetSdkBuilderMod", "DotNetSdkBuilderMod\DotNetSdkBuilderMod.csproj", "{9D0B6F70-6367-4E72-BC5F-04746456EF93}"
EndProject
Global
	GlobalSection(SolutionConfigurationPlatforms) = preSolution
		Debug|Any CPU = Debug|Any CPU
		Debug|x64 = Debug|x64
		Debug|x86 = Debug|x86
		Dist|Any CPU = Dist|Any CPU
		Dist|x64 = Dist|x64
		Dist|x86 = Dist|x86
		Release|Any CPU = Release|Any CPU
		Release|x64 = Release|x64
		Release|x86 = Release|x86
	EndGlobalSection
	GlobalSection(ProjectConfigurationPlatforms) = postSolution
		{410FC8B3-851B-4C80-925D-2A564F4BD0E1}.Debug|Any CPU.ActiveCfg = Debug|Any CPU
		{410FC8B3-851B-4C80-925D-2A564F4BD0E1}.Debug|Any CPU.Build.0 = Debug|Any CPU
		{410FC8B3-851B-4C80-925D-2A564F4BD0E1}.Debug|x64.ActiveCfg = Debug|Any CPU
		{410FC8B3-851B-4C80-925D-2A564F4BD0E1}.Debug|x64.Build.0 = Debug|Any CPU
		{410FC8B3-851B-4C80-925D-2A564F4BD0E1}.Debug|x86.ActiveCfg = Debug|Any CPU
		{410FC8B3-851B-4C80-925D-2A564F4BD0E1}.Debug|x86.Build.0 = Debug|Any CPU
		{410FC8B3-851B-4C80-925D-2A564F4BD0E1}.Dist|Any CPU.ActiveCfg = Debug|Any CPU
		{410FC8B3-851B-4C80-925D-2A564F4BD0E1}.Dist|Any CPU.Build.0 = Debug|Any CPU
		{410FC8B3-851B-4C80-925D-2A564F4BD0E1}.Dist|x64.ActiveCfg = Debug|Any CPU
		{410FC8B3-851B-4C80-925D-2A564F4BD0E1}.Dist|x64.Build.0 = Debug|Any CPU
		{410FC8B3-851B-4C80-925D-2A564F4BD0E1}.Dist|x86.ActiveCfg = Debug|Any CPU
		{410FC8B3-851B-4C80-925D-2A564F4BD0E1}.Dist|x86.Build.0 = Debug|Any CPU
		{410FC8B3-851B-4C80-925D-2A564F4BD0E1}.Release|Any CPU.ActiveCfg = Release|Any CPU
		{410FC8B3-851B-4C80-925D-2A564F4BD0E1}.Release|Any CPU.Build.0 = Release|Any CPU
		{410FC8B3-851B-4C80-925D-2A564F4BD0E1}.Release|x64.ActiveCfg = Release|Any CPU
		{410FC8B3-851B-4C80-925D-2A564F4BD0E1}.Release|x64.Build.0 = Release|Any CPU
		{410FC8B3-851B-4C80-925D-2A564F4BD0E1}.Release|x86.ActiveCfg = Release|Any CPU
		{410FC8B3-851B-4C80-925D-2A564F4BD0E1}.Release|x86.Build.0 = Release|Any CPU
		{CC477B3D-A558-4144-A945-96C868B4DAC9}.Debug|Any CPU.ActiveCfg = Debug|Any CPU
		{CC477B3D-A558-4144-A945-96C868B4DAC9}.Debug|Any CPU.Build.0 = Debug|Any CPU
		{CC477B3D-A558-4144-A945-96C868B4DAC9}.Debug|x64.ActiveCfg = Debug|Any CPU
		{CC477B3D-A558-4144-A945-96C868B4DAC9}.Debug|x64.Build.0 = Debug|Any CPU
		{CC477B3D-A558-4144-A945-96C868B4DAC9}.Debug|x86.ActiveCfg = Debug|Any CPU
		{CC477B3D-A558-4144-A945-96C868B4DAC9}.Debug|x86.Build.0 = Debug|Any CPU
		{CC477B3D-A558-4144-A945-96C868B4DAC9}.Dist|Any CPU.ActiveCfg = Debug|Any CPU
		{CC477B3D-A558-4144-A945-96C868B4DAC9}.Dist|Any CPU.Build.0 = Debug|Any CPU
		{CC477B3D-A558-4144-A945-96C868B4DAC9}.Dist|x64.ActiveCfg = Debug|Any CPU
		{CC477B3D-A558-4144-A945-96C868B4DAC9}.Dist|x64.Build.0 = Debug|Any CPU
		{CC477B3D-A558-4144-A945-96C868B4DAC9}.Dist|x86.ActiveCfg = Debug|Any CPU
		{CC477B3D-A558-4144-A945-96C868B4DAC9}.Dist|x86.Build.0 = Debug|Any CPU
		{CC477B3D-A558-4144-A945-96C868B4DAC9}.Release|Any CPU.ActiveCfg = Release|Any CPU
		{CC477B3D-A558-4144-A945-96C868B4DAC9}.Release|Any CPU.Build.0 = Release|Any CPU
		{CC477B3D-A558-4144-A945-96C868B4DAC9}.Release|x64.ActiveCfg = Release|Any CPU
		{CC477B3D-A558-4144-A945-96C868B4DAC9}.Release|x64.Build.0 = Release|Any CPU
		{CC477B3D-A558-4144-A945-96C868B4DAC9}.Release|x86.ActiveCfg = Release|Any CPU
		{CC477B3D-A558-4144-A945-96C868B4DAC9}.Release|x86.Build.0 = Release|Any CPU
		{20343058-887C-4BD8-A7BB-10D5EF81FB99}.Debug|Any CPU.ActiveCfg = Debug|Any CPU
		{20343058-887C-4BD8-A7BB-10D5EF81FB99}.Debug|Any CPU.Build.0 = Debug|Any CPU
		{20343058-887C-4BD8-A7BB-10D5EF81FB99}.Debug|x64.ActiveCfg = Debug|Any CPU
		{20343058-887C-4BD8-A7BB-10D5EF81FB99}.Debug|x64.Build.0 = Debug|Any CPU
		{20343058-887C-4BD8-A7BB-10D5EF81FB99}.Debug|x86.ActiveCfg = Debug|Any CPU
		{20343058-887C-4BD8-A7BB-10D5EF81FB99}.Debug|x86.Build.0 = Debug|Any CPU
		{20343058-887C-4BD8-A7BB-10D5EF81FB99}.Dist|Any CPU.ActiveCfg = Debug|Any CPU
		{20343058-887C-4BD8-A7BB-10D5EF81FB99}.Dist|Any CPU.Build.0 = Debug|Any CPU
		{20343058-887C-4BD8-A7BB-10D5EF81FB99}.Dist|x64.ActiveCfg = Debug|Any CPU
		{20343058-887C-4BD8-A7BB-10D5EF81FB99}.Dist|x64.Build.0 = Debug|Any CPU
		{20343058-887C-4BD8-A7BB-10D5EF81FB99}.Dist|x86.ActiveCfg = Debug|Any CPU
		{20343058-887C-4BD8-A7BB-10D5EF81FB99}.Dist|x86.Build.0 = Debug|Any CPU
		{20343058-887C-4BD8-A7BB-10D5EF81FB99}.Release|Any CPU.ActiveCfg = Release|Any CPU
		{20343058-887C-4BD8-A7BB-10D5EF81FB99}.Release|Any CPU.Build.0 = Release|Any CPU
		{20343058-887C-4BD8-A7BB-10D5EF81FB99}.Release|x64.ActiveCfg = Release|Any CPU
		{20343058-887C-4BD8-A7BB-10D5EF81FB99}.Release|x64.Build.0 = Release|Any CPU
		{20343058-887C-4BD8-A7BB-10D5EF81FB99}.Release|x86.ActiveCfg = Release|Any CPU
		{20343058-887C-4BD8-A7BB-10D5EF81FB99}.Release|x86.Build.0 = Release|Any CPU
		{8D683D8C-9F13-40DC-8652-97D4320631D7}.Debug|Any CPU.ActiveCfg = Debug|Any CPU
		{8D683D8C-9F13-40DC-8652-97D4320631D7}.Debug|Any CPU.Build.0 = Debug|Any CPU
		{8D683D8C-9F13-40DC-8652-97D4320631D7}.Debug|x64.ActiveCfg = Debug|Any CPU
		{8D683D8C-9F13-40DC-8652-97D4320631D7}.Debug|x64.Build.0 = Debug|Any CPU
		{8D683D8C-9F13-40DC-8652-97D4320631D7}.Debug|x86.ActiveCfg = Debug|Any CPU
		{8D683D8C-9F13-40DC-8652-97D4320631D7}.Debug|x86.Build.0 = Debug|Any CPU
		{8D683D8C-9F13-40DC-8652-97D4320631D7}.Dist|Any CPU.ActiveCfg = Debug|Any CPU
		{8D683D8C-9F13-40DC-8652-97D4320631D7}.Dist|Any CPU.Build.0 = Debug|Any CPU
		{8D683D8C-9F13-40DC-8652-97D4320631D7}.Dist|x64.ActiveCfg = Debug|Any CPU
		{8D683D8C-9F13-40DC-8652-97D4320631D7}.Dist|x64.Build.0 = Debug|Any CPU
		{8D683D8C-9F13-40DC-8652-97D4320631D7}.Dist|x86.ActiveCfg = Debug|Any CPU
		{8D683D8C-9F13-40DC-8652-97D4320631D7}.Dist|x86.Build.0 = Debug|Any CPU
		{8D683D8C-9F13-40DC-8652-97D4320631D7}.Release|Any CPU.ActiveCfg = Release|Any CPU
		{8D683D8C-9F13-40DC-8652-97D4320631D7}.Release|Any CPU.Build.0 = Release|Any CPU
		{8D683D8C-9F13-40DC-8652-97D4320631D7}.Release|x64.ActiveCfg = Release|Any CPU
		{8D683D8C-9F13-40DC-8652-97D4320631D7}.Release|x64.Build.0 = Release|Any CPU
		{8D683D8C-9F13-40DC-8652-97D4320631D7}.Release|x86.ActiveCfg = Release|Any CPU
		{8D683D8C-9F13-40DC-8652-97D4320631D7}.Release|x86.Build.0 = Release|Any CPU
		{57EB6F27-3AF1-491D-8742-254C193D73CF}.Debug|Any CPU.ActiveCfg = Debug|Any CPU
		{57EB6F27-3AF1-491D-8742-254C193D73CF}.Debug|Any CPU.Build.0 = Debug|Any CPU
		{57EB6F27-3AF1-491D-8742-254C193D73CF}.Debug|x64.ActiveCfg = Debug|Any CPU
		{57EB6F27-3AF1-491D-8742-254C193D73CF}.Debug|x64.Build.0 = Debug|Any CPU
		{57EB6F27-3AF1-491D-8742-254C193D73CF}.Debug|x86.ActiveCfg = Debug|Any CPU
		{57EB6F27-3AF1-491D-8742-254C193D73CF}.Debug|x86.Build.0 = Debug|Any CPU
		{57EB6F27-3AF1-491D-8742-254C193D73CF}.Dist|Any CPU.ActiveCfg = Debug|Any CPU
		{57EB6F27-3AF1-491D-8742-254C193D73CF}.Dist|Any CPU.Build.0 = Debug|Any CPU
		{57EB6F27-3AF1-491D-8742-254C193D73CF}.Dist|x64.ActiveCfg = Debug|Any CPU
		{57EB6F27-3AF1-491D-8742-254C193D73CF}.Dist|x64.Build.0 = Debug|Any CPU
		{57EB6F27-3AF1-491D-8742-254C193D73CF}.Dist|x86.ActiveCfg = Debug|Any CPU
		{57EB6F27-3AF1-491D-8742-254C193D73CF}.Dist|x86.Build.0 = Debug|Any CPU
		{57EB6F27-3AF1-491D-8742-254C193D73CF}.Release|Any CPU.ActiveCfg = Release|Any CPU
		{57EB6F27-3AF1-491D-8742-254C193D73CF}.Release|Any CPU.Build.0 = Release|Any CPU
		{57EB6F27-3AF1-491D-8742-254C193D73CF}.Release|x64.ActiveCfg = Release|Any CPU
		{57EB6F27-3AF1-491D-8742-254C193D73CF}.Release|x64.Build.0 = Release|Any CPU
		{57EB6F27-3AF1-491D-8742-254C193D73CF}.Release|x86.ActiveCfg = Release|Any CPU
		{57EB6F27-3AF1-491D-8742-254C193D73CF}.Release|x86.Build.0 = Release|Any CPU
		{1CC16B09-500B-4917-829D-E942FE9FC3C9}.Debug|Any CPU.ActiveCfg = Debug|Any CPU
		{1CC16B09-500B-4917-829D-E942FE9FC3C9}.Debug|Any CPU.Build.0 = Debug|Any CPU
		{1CC16B09-500B-4917-829D-E942FE9FC3C9}.Debug|x64.ActiveCfg = Debug|Any CPU
		{1CC16B09-500B-4917-829D-E942FE9FC3C9}.Debug|x64.Build.0 = Debug|Any CPU
		{1CC16B09-500B-4917-829D-E942FE9FC3C9}.Debug|x86.ActiveCfg = Debug|Any CPU
		{1CC16B09-500B-4917-829D-E942FE9FC3C9}.Debug|x86.Build.0 = Debug|Any CPU
		{1CC16B09-500B-4917-829D-E942FE9FC3C9}.Dist|Any CPU.ActiveCfg = Debug|Any CPU
		{1CC16B09-500B-4917-829D-E942FE9FC3C9}.Dist|Any CPU.Build.0 = Debug|Any CPU
		{1CC16B09-500B-4917-829D-E942FE9FC3C9}.Dist|x64.ActiveCfg = Debug|Any CPU
		{1CC16B09-500B-4917-829D-E942FE9FC3C9}.Dist|x64.Build.0 = Debug|Any CPU
		{1CC16B09-500B-4917-829D-E942FE9FC3C9}.Dist|x86.ActiveCfg = Debug|Any CPU
		{1CC16B09-500B-4917-829D-E942FE9FC3C9}.Dist|x86.Build.0 = Debug|Any CPU
		{1CC16B09-500B-4917-829D-E942FE9FC3C9}.Release|Any CPU.ActiveCfg = Release|Any CPU
		{1CC16B09-500B-4917-829D-E942FE9FC3C9}.Release|Any CPU.Build.0 = Release|Any CPU
		{1CC16B09-500B-4917-829D-E942FE9FC3C9}.Release|x64.ActiveCfg = Release|Any CPU
		{1CC16B09-500B-4917-829D-E942FE9FC3C9}.Release|x64.Build.0 = Release|Any CPU
		{1CC16B09-500B-4917-829D-E942FE9FC3C9}.Release|x86.ActiveCfg = Release|Any CPU
		{1CC16B09-500B-4917-829D-E942FE9FC3C9}.Release|x86.Build.0 = Release|Any CPU
		{C919C1CE-7FC0-48F6-8E6F-764F0FBC13A0}.Debug|Any CPU.ActiveCfg = Debug|Any CPU
		{C919C1CE-7FC0-48F6-8E6F-764F0FBC13A0}.Debug|Any CPU.Build.0 = Debug|Any CPU
		{C919C1CE-7FC0-48F6-8E6F-764F0FBC13A0}.Debug|x64.ActiveCfg = Debug|Any CPU
		{C919C1CE-7FC0-48F6-8E6F-764F0FBC13A0}.Debug|x64.Build.0 = Debug|Any CPU
		{C919C1CE-7FC0-48F6-8E6F-764F0FBC13A0}.Debug|x86.ActiveCfg = Debug|Any CPU
		{C919C1CE-7FC0-48F6-8E6F-764F0FBC13A0}.Debug|x86.Build.0 = Debug|Any CPU
		{C919C1CE-7FC0-48F6-8E6F-764F0FBC13A0}.Dist|Any CPU.ActiveCfg = Debug|Any CPU
		{C919C1CE-7FC0-48F6-8E6F-764F0FBC13A0}.Dist|Any CPU.Build.0 = Debug|Any CPU
		{C919C1CE-7FC0-48F6-8E6F-764F0FBC13A0}.Dist|x64.ActiveCfg = Debug|Any CPU
		{C919C1CE-7FC0-48F6-8E6F-764F0FBC13A0}.Dist|x64.Build.0 = Debug|Any CPU
		{C919C1CE-7FC0-48F6-8E6F-764F0FBC13A0}.Dist|x86.ActiveCfg = Debug|Any CPU
		{C919C1CE-7FC0-48F6-8E6F-764F0FBC13A0}.Dist|x86.Build.0 = Debug|Any CPU
		{C919C1CE-7FC0-48F6-8E6F-764F0FBC13A0}.Release|Any CPU.ActiveCfg = Release|Any CPU
		{C919C1CE-7FC0-48F6-8E6F-764F0FBC13A0}.Release|Any CPU.Build.0 = Release|Any CPU
		{C919C1CE-7FC0-48F6-8E6F-764F0FBC13A0}.Release|x64.ActiveCfg = Release|Any CPU
		{C919C1CE-7FC0-48F6-8E6F-764F0FBC13A0}.Release|x64.Build.0 = Release|Any CPU
		{C919C1CE-7FC0-48F6-8E6F-764F0FBC13A0}.Release|x86.ActiveCfg = Release|Any CPU
		{C919C1CE-7FC0-48F6-8E6F-764F0FBC13A0}.Release|x86.Build.0 = Release|Any CPU
		{29284618-550B-4A9D-8C28-FCDD278D6DA7}.Debug|Any CPU.ActiveCfg = Debug|Any CPU
		{29284618-550B-4A9D-8C28-FCDD278D6DA7}.Debug|Any CPU.Build.0 = Debug|Any CPU
		{29284618-550B-4A9D-8C28-FCDD278D6DA7}.Debug|x64.ActiveCfg = Debug|Any CPU
		{29284618-550B-4A9D-8C28-FCDD278D6DA7}.Debug|x64.Build.0 = Debug|Any CPU
		{29284618-550B-4A9D-8C28-FCDD278D6DA7}.Debug|x86.ActiveCfg = Debug|Any CPU
		{29284618-550B-4A9D-8C28-FCDD278D6DA7}.Debug|x86.Build.0 = Debug|Any CPU
		{29284618-550B-4A9D-8C28-FCDD278D6DA7}.Dist|Any CPU.ActiveCfg = Debug|Any CPU
		{29284618-550B-4A9D-8C28-FCDD278D6DA7}.Dist|Any CPU.Build.0 = Debug|Any CPU
		{29284618-550B-4A9D-8C28-FCDD278D6DA7}.Dist|x64.ActiveCfg = Debug|Any CPU
		{29284618-550B-4A9D-8C28-FCDD278D6DA7}.Dist|x64.Build.0 = Debug|Any CPU
		{29284618-550B-4A9D-8C28-FCDD278D6DA7}.Dist|x86.ActiveCfg = Debug|Any CPU
		{29284618-550B-4A9D-8C28-FCDD278D6DA7}.Dist|x86.Build.0 = Debug|Any CPU
		{29284618-550B-4A9D-8C28-FCDD278D6DA7}.Release|Any CPU.ActiveCfg = Release|Any CPU
		{29284618-550B-4A9D-8C28-FCDD278D6DA7}.Release|Any CPU.Build.0 = Release|Any CPU
		{29284618-550B-4A9D-8C28-FCDD278D6DA7}.Release|x64.ActiveCfg = Release|Any CPU
		{29284618-550B-4A9D-8C28-FCDD278D6DA7}.Release|x64.Build.0 = Release|Any CPU
		{29284618-550B-4A9D-8C28-FCDD278D6DA7}.Release|x86.ActiveCfg = Release|Any CPU
		{29284618-550B-4A9D-8C28-FCDD278D6DA7}.Release|x86.Build.0 = Release|Any CPU
		{A839A387-9A69-4739-BD0D-99671EF4B48F}.Debug|Any CPU.ActiveCfg = Debug|Any CPU
		{A839A387-9A69-4739-BD0D-99671EF4B48F}.Debug|Any CPU.Build.0 = Debug|Any CPU
		{A839A387-9A69-4739-BD0D-99671EF4B48F}.Debug|x64.ActiveCfg = Debug|Any CPU
		{A839A387-9A69-4739-BD0D-99671EF4B48F}.Debug|x64.Build.0 = Debug|Any CPU
		{A839A387-9A69-4739-BD0D-99671EF4B48F}.Debug|x86.ActiveCfg = Debug|Any CPU
		{A839A387-9A69-4739-BD0D-99671EF4B48F}.Debug|x86.Build.0 = Debug|Any CPU
		{A839A387-9A69-4739-BD0D-99671EF4B48F}.Dist|Any CPU.ActiveCfg = Debug|Any CPU
		{A839A387-9A69-4739-BD0D-99671EF4B48F}.Dist|Any CPU.Build.0 = Debug|Any CPU
		{A839A387-9A69-4739-BD0D-99671EF4B48F}.Dist|x64.ActiveCfg = Debug|Any CPU
		{A839A387-9A69-4739-BD0D-99671EF4B48F}.Dist|x64.Build.0 = Debug|Any CPU
		{A839A387-9A69-4739-BD0D-99671EF4B48F}.Dist|x86.ActiveCfg = Debug|Any CPU
		{A839A387-9A69-4739-BD0D-99671EF4B48F}.Dist|x86.Build.0 = Debug|Any CPU
		{A839A387-9A69-4739-BD0D-99671EF4B48F}.Release|Any CPU.ActiveCfg = Release|Any CPU
		{A839A387-9A69-4739-BD0D-99671EF4B48F}.Release|Any CPU.Build.0 = Release|Any CPU
		{A839A387-9A69-4739-BD0D-99671EF4B48F}.Release|x64.ActiveCfg = Release|Any CPU
		{A839A387-9A69-4739-BD0D-99671EF4B48F}.Release|x64.Build.0 = Release|Any CPU
		{A839A387-9A69-4739-BD0D-99671EF4B48F}.Release|x86.ActiveCfg = Release|Any CPU
		{A839A387-9A69-4739-BD0D-99671EF4B48F}.Release|x86.Build.0 = Release|Any CPU
		{9D0B6F70-6367-4E72-BC5F-04746456EF93}.Debug|Any CPU.ActiveCfg = Debug|Any CPU
		{9D0B6F70-6367-4E72-BC5F-04746456EF93}.Debug|Any CPU.Build.0 = Debug|Any CPU
		{9D0B6F70-6367-4E72-BC5F-04746456EF93}.Debug|x64.ActiveCfg = Debug|Any CPU
		{9D0B6F70-6367-4E72-BC5F-04746456EF93}.Debug|x64.Build.0 = Debug|Any CPU
		{9D0B6F70-6367-4E72-BC5F-04746456EF93}.Debug|x86.ActiveCfg = Debug|Any CPU
		{9D0B6F70-6367-4E72-BC5F-04746456EF93}.Debug|x86.Build.0 = Debug|Any CPU
		{9D0B6F70-6367-4E72-BC5F-04746456EF93}.Dist|Any CPU.ActiveCfg = Debug|Any CPU
		{9D0B6F70-6367-4E72-BC5F-04746456EF93}.Dist|Any CPU.Build.0 = Debug|Any CPU
		{9D0B6F70-6367-4E72-BC5F-04746456EF93}.Dist|x64.ActiveCfg = Debug|Any CPU
		{9D0B6F70-6367-4E72-BC5F-04746456EF93}.Dist|x64.Build.0 = Debug|Any CPU
		{9D0B6F70-6367-4E72-BC5F-04746456EF93}.Dist|x86.ActiveCfg = Debug|Any CPU
		{9D0B6F70-6367-4E72-BC5F-04746456EF93}.Dist|x86.Build.0 = Debug|Any CPU
		{9D0B6F70-6367-4E72-BC5F-04746456EF93}.Release|Any CPU.ActiveCfg = Release|Any CPU
		{9D0B6F70-6367-4E72-BC5F-04746456EF93}.Release|Any CPU.Build.0 = Release|Any CPU
		{9D0B6F70-6367-4E72-BC5F-04746456EF93}.Release|x64.ActiveCfg = Release|Any CPU
		{9D0B6F70-6367-4E72-BC5F-04746456EF93}.Release|x64.Build.0 = Release|Any CPU
		{9D0B6F70-6367-4E72-BC5F-04746456EF93}.Release|x86.ActiveCfg = Release|Any CPU
		{9D0B6F70-6367-4E72-BC5F-04746456EF93}.Release|x86.Build.0 = Release|Any CPU
	EndGlobalSection
	GlobalSection(SolutionProperties) = preSolution
		HideSolutionNode = FALSE
	EndGlobalSection
	GlobalSection(ExtensibilityGlobals) = postSolution
		SolutionGuid = {A8F021ED-BD7A-4771-B5BB-2CE23872C139}
	EndGlobalSection
EndGlobal
