
Microsoft Visual Studio Solution File, Format Version 12.00
# Visual Studio Version 17
VisualStudioVersion = 17.12.35514.174
MinimumVisualStudioVersion = 10.0.40219.1
Project("{2150E333-8FDC-42A3-9474-1A3956D46DE8}") = "Framework", "Framework", "{F3F8FAA6-23FB-4727-82EB-83F3F4AFC40F}"
EndProject
Project("{2150E333-8FDC-42A3-9474-1A3956D46DE8}") = "Mods", "Mods", "{671950E9-8DD2-4B7D-8B0D-73EE003B6C46}"
EndProject
Project("{2150E333-8FDC-42A3-9474-1A3956D46DE8}") = "Tools", "Tools", "{390BBE98-6DA4-481F-83D6-D0FD97D8DACB}"
EndProject
Project("{2150E333-8FDC-42A3-9474-1A3956D46DE8}") = "Bootstrapping", "Bootstrapping", "{B164371C-D190-4C74-A268-5B253130D3ED}"
	ProjectSection(SolutionItems) = preProject
		Bootstrapping\FindNethost.ps1 = Bootstrapping\FindNethost.ps1
		Bootstrapping\FindNethost.sh = Bootstrapping\FindNethost.sh
	EndProjectSection
EndProject
Project("{2150E333-8FDC-42A3-9474-1A3956D46DE8}") = "Tests", "Tests", "{0094465C-5CA6-41C0-96D3-94E1AEBFE529}"
EndProject
Project("{8BC9CEB8-8B4A-11D0-8D11-00A0C91BC942}") = "CLRHost", "Bootstrapping\CLRHost\CLRHost.vcxproj", "{C4CF7AE0-30AF-F97B-39C7-8452A52560DD}"
EndProject
Project("{8BC9CEB8-8B4A-11D0-8D11-00A0C91BC942}") = "VersionProxy", "Bootstrapping\VersionProxyDll\version Proxy.vcxproj", "{CAEA664A-7890-4268-B687-80F98A3E3EF1}"
EndProject
Project("{8BC9CEB8-8B4A-11D0-8D11-00A0C91BC942}") = "WinHttpProxy", "Bootstrapping\WinHttpProxyDll\winhttp Proxy.vcxproj", "{3FF28F45-6628-4023-BBA2-734B67252BE9}"
EndProject
Project("{FAE04EC0-301F-11D3-BF4B-00C04F79EFBC}") = "DotNetSdkBuilderMod", "Mods\DotNetSdkBuilderMod\DotNetSdkBuilderMod.csproj", "{19E3F4A7-A24B-4FD8-9982-B16A2EDB0247}"
EndProject
Project("{FAE04EC0-301F-11D3-BF4B-00C04F79EFBC}") = "ExampleMod", "Mods\ExampleMod\ExampleMod.csproj", "{58FAD2D1-5E77-4AF1-8FD7-4DC00EF6BAA4}"
EndProject
Project("{FAE04EC0-301F-11D3-BF4B-00C04F79EFBC}") = "ExampleServerMod", "Mods\ExampleServerMod\ExampleServerMod.csproj", "{B1103B5D-E280-4F03-9AB4-B62A83FC0373}"
EndProject
Project("{FAE04EC0-301F-11D3-BF4B-00C04F79EFBC}") = "UnrealCoreObjectApiSourceGen", "Tools\UnrealCoreObjectApiSourceGen\UnrealCoreObjectApiSourceGen.csproj", "{3DDF432D-DB91-489B-86AA-02DABD6BAF8D}"
EndProject
Project("{FAE04EC0-301F-11D3-BF4B-00C04F79EFBC}") = "RealLoaderFramework", "Framework\RealLoaderFramework\RealLoaderFramework.csproj", "{206FF70E-A768-4108-AA4B-99F07221E19D}"
EndProject
Project("{FAE04EC0-301F-11D3-BF4B-00C04F79EFBC}") = "RealLoaderFramework.Sdk", "Framework\RealLoaderFramework.Sdk\RealLoaderFramework.Sdk.csproj", "{AE02CE58-D62C-4A06-871A-02D0678BF7FF}"
EndProject
Project("{FAE04EC0-301F-11D3-BF4B-00C04F79EFBC}") = "RealLoaderInstaller", "Tools\RealLoaderInstaller\RealLoaderInstaller.csproj", "{D6F844A5-3BA5-4EE7-95C8-9653CB8965A9}"
EndProject
Project("{FAE04EC0-301F-11D3-BF4B-00C04F79EFBC}") = "RealLoaderFramework.Tests", "Tests\RealLoaderFramework.Tests\RealLoaderFramework.Tests.csproj", "{0294086C-1594-4E04-BE29-AD3DE42E8C87}"
EndProject
Project("{FAE04EC0-301F-11D3-BF4B-00C04F79EFBC}") = "RealLoaderFramework.Sdk.Tests", "Tests\RealLoaderFramework.Sdk.Tests\RealLoaderFramework.Sdk.Tests.csproj", "{9C28241E-EF6E-4969-93A0-21572A25DD74}"
EndProject
Project("{FAE04EC0-301F-11D3-BF4B-00C04F79EFBC}") = "RealLoaderInstaller.Tests", "Tests\RealLoaderInstaller.Tests\RealLoaderInstaller.Tests.csproj", "{523AFF16-431E-4F5B-95BA-38A17D3005BC}"
EndProject
Project("{FAE04EC0-301F-11D3-BF4B-00C04F79EFBC}") = "Shared.SystemUnderTest", "Tests\Shared.SystemUnderTest\Shared.SystemUnderTest.csproj", "{519C534B-912B-4E34-82A4-8476F2544FDB}"
EndProject
Project("{FAE04EC0-301F-11D3-BF4B-00C04F79EFBC}") = "RealLoaderGuiInstaller", "Tools\RealLoaderGuiInstaller\RealLoaderGuiInstaller.csproj", "{22DE6433-0835-4DB6-A9C3-701FD0E6D9A8}"
EndProject
Project("{2150E333-8FDC-42A3-9474-1A3956D46DE8}") = "Solution Items", "Solution Items", "{6522F3F9-A6CB-42DA-9FE6-1A580BFABD0F}"
	ProjectSection(SolutionItems) = preProject
		azure-pipelines.yml = azure-pipelines.yml
		CMakeLists.txt = CMakeLists.txt
		README.md = README.md
	EndProjectSection
EndProject
Global
	GlobalSection(SolutionConfigurationPlatforms) = preSolution
		Debug|Any CPU = Debug|Any CPU
		Release|Any CPU = Release|Any CPU
	EndGlobalSection
	GlobalSection(ProjectConfigurationPlatforms) = postSolution
		{C4CF7AE0-30AF-F97B-39C7-8452A52560DD}.Debug|Any CPU.ActiveCfg = Debug|x64
		{C4CF7AE0-30AF-F97B-39C7-8452A52560DD}.Debug|Any CPU.Build.0 = Debug|x64
		{C4CF7AE0-30AF-F97B-39C7-8452A52560DD}.Release|Any CPU.ActiveCfg = Release|x64
		{C4CF7AE0-30AF-F97B-39C7-8452A52560DD}.Release|Any CPU.Build.0 = Release|x64
		{CAEA664A-7890-4268-B687-80F98A3E3EF1}.Debug|Any CPU.ActiveCfg = Debug|x64
		{CAEA664A-7890-4268-B687-80F98A3E3EF1}.Debug|Any CPU.Build.0 = Debug|x64
		{CAEA664A-7890-4268-B687-80F98A3E3EF1}.Release|Any CPU.ActiveCfg = Release|x64
		{CAEA664A-7890-4268-B687-80F98A3E3EF1}.Release|Any CPU.Build.0 = Release|x64
		{3FF28F45-6628-4023-BBA2-734B67252BE9}.Debug|Any CPU.ActiveCfg = Debug|x64
		{3FF28F45-6628-4023-BBA2-734B67252BE9}.Debug|Any CPU.Build.0 = Debug|x64
		{3FF28F45-6628-4023-BBA2-734B67252BE9}.Release|Any CPU.ActiveCfg = Release|x64
		{3FF28F45-6628-4023-BBA2-734B67252BE9}.Release|Any CPU.Build.0 = Release|x64
		{19E3F4A7-A24B-4FD8-9982-B16A2EDB0247}.Debug|Any CPU.ActiveCfg = Debug|Any CPU
		{19E3F4A7-A24B-4FD8-9982-B16A2EDB0247}.Debug|Any CPU.Build.0 = Debug|Any CPU
		{19E3F4A7-A24B-4FD8-9982-B16A2EDB0247}.Release|Any CPU.ActiveCfg = Release|Any CPU
		{19E3F4A7-A24B-4FD8-9982-B16A2EDB0247}.Release|Any CPU.Build.0 = Release|Any CPU
		{58FAD2D1-5E77-4AF1-8FD7-4DC00EF6BAA4}.Debug|Any CPU.ActiveCfg = Debug|Any CPU
		{58FAD2D1-5E77-4AF1-8FD7-4DC00EF6BAA4}.Debug|Any CPU.Build.0 = Debug|Any CPU
		{58FAD2D1-5E77-4AF1-8FD7-4DC00EF6BAA4}.Release|Any CPU.ActiveCfg = Release|Any CPU
		{58FAD2D1-5E77-4AF1-8FD7-4DC00EF6BAA4}.Release|Any CPU.Build.0 = Release|Any CPU
		{B1103B5D-E280-4F03-9AB4-B62A83FC0373}.Debug|Any CPU.ActiveCfg = Debug|Any CPU
		{B1103B5D-E280-4F03-9AB4-B62A83FC0373}.Debug|Any CPU.Build.0 = Debug|Any CPU
		{B1103B5D-E280-4F03-9AB4-B62A83FC0373}.Release|Any CPU.ActiveCfg = Release|Any CPU
		{B1103B5D-E280-4F03-9AB4-B62A83FC0373}.Release|Any CPU.Build.0 = Release|Any CPU
		{3DDF432D-DB91-489B-86AA-02DABD6BAF8D}.Debug|Any CPU.ActiveCfg = Debug|Any CPU
		{3DDF432D-DB91-489B-86AA-02DABD6BAF8D}.Debug|Any CPU.Build.0 = Debug|Any CPU
		{3DDF432D-DB91-489B-86AA-02DABD6BAF8D}.Release|Any CPU.ActiveCfg = Release|Any CPU
		{3DDF432D-DB91-489B-86AA-02DABD6BAF8D}.Release|Any CPU.Build.0 = Release|Any CPU
		{206FF70E-A768-4108-AA4B-99F07221E19D}.Debug|Any CPU.ActiveCfg = Debug|Any CPU
		{206FF70E-A768-4108-AA4B-99F07221E19D}.Debug|Any CPU.Build.0 = Debug|Any CPU
		{206FF70E-A768-4108-AA4B-99F07221E19D}.Release|Any CPU.ActiveCfg = Release|Any CPU
		{206FF70E-A768-4108-AA4B-99F07221E19D}.Release|Any CPU.Build.0 = Release|Any CPU
		{AE02CE58-D62C-4A06-871A-02D0678BF7FF}.Debug|Any CPU.ActiveCfg = Debug|Any CPU
		{AE02CE58-D62C-4A06-871A-02D0678BF7FF}.Debug|Any CPU.Build.0 = Debug|Any CPU
		{AE02CE58-D62C-4A06-871A-02D0678BF7FF}.Release|Any CPU.ActiveCfg = Release|Any CPU
		{AE02CE58-D62C-4A06-871A-02D0678BF7FF}.Release|Any CPU.Build.0 = Release|Any CPU
		{D6F844A5-3BA5-4EE7-95C8-9653CB8965A9}.Debug|Any CPU.ActiveCfg = Debug|Any CPU
		{D6F844A5-3BA5-4EE7-95C8-9653CB8965A9}.Debug|Any CPU.Build.0 = Debug|Any CPU
		{D6F844A5-3BA5-4EE7-95C8-9653CB8965A9}.Release|Any CPU.ActiveCfg = Release|Any CPU
		{D6F844A5-3BA5-4EE7-95C8-9653CB8965A9}.Release|Any CPU.Build.0 = Release|Any CPU
		{0294086C-1594-4E04-BE29-AD3DE42E8C87}.Debug|Any CPU.ActiveCfg = Debug|Any CPU
		{0294086C-1594-4E04-BE29-AD3DE42E8C87}.Debug|Any CPU.Build.0 = Debug|Any CPU
		{0294086C-1594-4E04-BE29-AD3DE42E8C87}.Release|Any CPU.ActiveCfg = Release|Any CPU
		{0294086C-1594-4E04-BE29-AD3DE42E8C87}.Release|Any CPU.Build.0 = Release|Any CPU
		{9C28241E-EF6E-4969-93A0-21572A25DD74}.Debug|Any CPU.ActiveCfg = Debug|Any CPU
		{9C28241E-EF6E-4969-93A0-21572A25DD74}.Debug|Any CPU.Build.0 = Debug|Any CPU
		{9C28241E-EF6E-4969-93A0-21572A25DD74}.Release|Any CPU.ActiveCfg = Release|Any CPU
		{9C28241E-EF6E-4969-93A0-21572A25DD74}.Release|Any CPU.Build.0 = Release|Any CPU
		{523AFF16-431E-4F5B-95BA-38A17D3005BC}.Debug|Any CPU.ActiveCfg = Debug|Any CPU
		{523AFF16-431E-4F5B-95BA-38A17D3005BC}.Debug|Any CPU.Build.0 = Debug|Any CPU
		{523AFF16-431E-4F5B-95BA-38A17D3005BC}.Release|Any CPU.ActiveCfg = Release|Any CPU
		{523AFF16-431E-4F5B-95BA-38A17D3005BC}.Release|Any CPU.Build.0 = Release|Any CPU
		{519C534B-912B-4E34-82A4-8476F2544FDB}.Debug|Any CPU.ActiveCfg = Debug|Any CPU
		{519C534B-912B-4E34-82A4-8476F2544FDB}.Debug|Any CPU.Build.0 = Debug|Any CPU
		{519C534B-912B-4E34-82A4-8476F2544FDB}.Release|Any CPU.ActiveCfg = Release|Any CPU
		{519C534B-912B-4E34-82A4-8476F2544FDB}.Release|Any CPU.Build.0 = Release|Any CPU
		{22DE6433-0835-4DB6-A9C3-701FD0E6D9A8}.Debug|Any CPU.ActiveCfg = Debug|Any CPU
		{22DE6433-0835-4DB6-A9C3-701FD0E6D9A8}.Debug|Any CPU.Build.0 = Debug|Any CPU
		{22DE6433-0835-4DB6-A9C3-701FD0E6D9A8}.Release|Any CPU.ActiveCfg = Release|Any CPU
		{22DE6433-0835-4DB6-A9C3-701FD0E6D9A8}.Release|Any CPU.Build.0 = Release|Any CPU
	EndGlobalSection
	GlobalSection(SolutionProperties) = preSolution
		HideSolutionNode = FALSE
	EndGlobalSection
	GlobalSection(NestedProjects) = preSolution
		{C4CF7AE0-30AF-F97B-39C7-8452A52560DD} = {B164371C-D190-4C74-A268-5B253130D3ED}
		{CAEA664A-7890-4268-B687-80F98A3E3EF1} = {B164371C-D190-4C74-A268-5B253130D3ED}
		{3FF28F45-6628-4023-BBA2-734B67252BE9} = {B164371C-D190-4C74-A268-5B253130D3ED}
		{19E3F4A7-A24B-4FD8-9982-B16A2EDB0247} = {671950E9-8DD2-4B7D-8B0D-73EE003B6C46}
		{58FAD2D1-5E77-4AF1-8FD7-4DC00EF6BAA4} = {671950E9-8DD2-4B7D-8B0D-73EE003B6C46}
		{B1103B5D-E280-4F03-9AB4-B62A83FC0373} = {671950E9-8DD2-4B7D-8B0D-73EE003B6C46}
		{3DDF432D-DB91-489B-86AA-02DABD6BAF8D} = {390BBE98-6DA4-481F-83D6-D0FD97D8DACB}
		{206FF70E-A768-4108-AA4B-99F07221E19D} = {F3F8FAA6-23FB-4727-82EB-83F3F4AFC40F}
		{AE02CE58-D62C-4A06-871A-02D0678BF7FF} = {F3F8FAA6-23FB-4727-82EB-83F3F4AFC40F}
		{D6F844A5-3BA5-4EE7-95C8-9653CB8965A9} = {390BBE98-6DA4-481F-83D6-D0FD97D8DACB}
		{0294086C-1594-4E04-BE29-AD3DE42E8C87} = {0094465C-5CA6-41C0-96D3-94E1AEBFE529}
		{9C28241E-EF6E-4969-93A0-21572A25DD74} = {0094465C-5CA6-41C0-96D3-94E1AEBFE529}
		{523AFF16-431E-4F5B-95BA-38A17D3005BC} = {0094465C-5CA6-41C0-96D3-94E1AEBFE529}
		{519C534B-912B-4E34-82A4-8476F2544FDB} = {0094465C-5CA6-41C0-96D3-94E1AEBFE529}
		{22DE6433-0835-4DB6-A9C3-701FD0E6D9A8} = {390BBE98-6DA4-481F-83D6-D0FD97D8DACB}
	EndGlobalSection
EndGlobal
